// !$*UTF8*$!
{
	archiveVersion = 1;
	classes = {
	};
	objectVersion = 50;
	objects = {

/* Begin PBXBuildFile section */
		521A18BC2272444C00AC8CDF /* Constants.swift in Sources */ = {isa = PBXBuildFile; fileRef = 521A18BB2272444C00AC8CDF /* Constants.swift */; };
		521A18C12272588300AC8CDF /* MovieCollectionViewCell.swift in Sources */ = {isa = PBXBuildFile; fileRef = 521A18BF2272588300AC8CDF /* MovieCollectionViewCell.swift */; };
		521A18C22272588300AC8CDF /* MovieCollectionViewCell.xib in Resources */ = {isa = PBXBuildFile; fileRef = 521A18C02272588300AC8CDF /* MovieCollectionViewCell.xib */; };
		52245520237FBDF60008E1AE /* VideoCollectionViewCell.swift in Sources */ = {isa = PBXBuildFile; fileRef = 5224551E237FBDF60008E1AE /* VideoCollectionViewCell.swift */; };
		5246614023065C1E0002438B /* Movie.swift in Sources */ = {isa = PBXBuildFile; fileRef = 5246613F23065C1E0002438B /* Movie.swift */; };
		526DB9B0247230D1009B309B /* SearchViewController.swift in Sources */ = {isa = PBXBuildFile; fileRef = 526DB9AF247230D1009B309B /* SearchViewController.swift */; };
		52743EDA226C2E0500DEBB4A /* AppDelegate.swift in Sources */ = {isa = PBXBuildFile; fileRef = 52743ED9226C2E0500DEBB4A /* AppDelegate.swift */; };
		52743EDC226C2E0500DEBB4A /* MovieCollectionViewController.swift in Sources */ = {isa = PBXBuildFile; fileRef = 52743EDB226C2E0500DEBB4A /* MovieCollectionViewController.swift */; };
		52743EDF226C2E0500DEBB4A /* Main.storyboard in Resources */ = {isa = PBXBuildFile; fileRef = 52743EDD226C2E0500DEBB4A /* Main.storyboard */; };
		52743EE1226C2E0700DEBB4A /* Assets.xcassets in Resources */ = {isa = PBXBuildFile; fileRef = 52743EE0226C2E0700DEBB4A /* Assets.xcassets */; };
		52743EE4226C2E0700DEBB4A /* LaunchScreen.storyboard in Resources */ = {isa = PBXBuildFile; fileRef = 52743EE2226C2E0700DEBB4A /* LaunchScreen.storyboard */; };
		5280FF20226C35520092D197 /* NetworkingManager.swift in Sources */ = {isa = PBXBuildFile; fileRef = 5280FF1F226C35520092D197 /* NetworkingManager.swift */; };
		52883EE42463CBE7002C3CEB /* Webservices.swift in Sources */ = {isa = PBXBuildFile; fileRef = 52883EE32463CBE7002C3CEB /* Webservices.swift */; };
		528A72EF2399DFEE00510B0E /* CastCrew.swift in Sources */ = {isa = PBXBuildFile; fileRef = 528A72EE2399DFEE00510B0E /* CastCrew.swift */; };
		52AC09CE235987C700DEC28B /* MovieDetailViewController.swift in Sources */ = {isa = PBXBuildFile; fileRef = 52AC09CD235987C700DEC28B /* MovieDetailViewController.swift */; };
		52AC09D023598BE900DEC28B /* MovieDetailViewController.xib in Resources */ = {isa = PBXBuildFile; fileRef = 52AC09CF23598BE900DEC28B /* MovieDetailViewController.xib */; };
		52C6226E23A89BAA00B72B65 /* CastCrewCollectionViewCell.swift in Sources */ = {isa = PBXBuildFile; fileRef = 52C6226C23A89BAA00B72B65 /* CastCrewCollectionViewCell.swift */; };
/* End PBXBuildFile section */

/* Begin PBXFileReference section */
		521A18BB2272444C00AC8CDF /* Constants.swift */ = {isa = PBXFileReference; lastKnownFileType = sourcecode.swift; path = Constants.swift; sourceTree = "<group>"; };
		521A18BF2272588300AC8CDF /* MovieCollectionViewCell.swift */ = {isa = PBXFileReference; lastKnownFileType = sourcecode.swift; path = MovieCollectionViewCell.swift; sourceTree = "<group>"; };
		521A18C02272588300AC8CDF /* MovieCollectionViewCell.xib */ = {isa = PBXFileReference; lastKnownFileType = file.xib; path = MovieCollectionViewCell.xib; sourceTree = "<group>"; };
		5224551E237FBDF60008E1AE /* VideoCollectionViewCell.swift */ = {isa = PBXFileReference; lastKnownFileType = sourcecode.swift; path = VideoCollectionViewCell.swift; sourceTree = "<group>"; };
		5246613F23065C1E0002438B /* Movie.swift */ = {isa = PBXFileReference; lastKnownFileType = sourcecode.swift; path = Movie.swift; sourceTree = "<group>"; };
		526DB9AF247230D1009B309B /* SearchViewController.swift */ = {isa = PBXFileReference; lastKnownFileType = sourcecode.swift; path = SearchViewController.swift; sourceTree = "<group>"; };
		52743ED6226C2E0500DEBB4A /* Movies.app */ = {isa = PBXFileReference; explicitFileType = wrapper.application; includeInIndex = 0; path = Movies.app; sourceTree = BUILT_PRODUCTS_DIR; };
		52743ED9226C2E0500DEBB4A /* AppDelegate.swift */ = {isa = PBXFileReference; lastKnownFileType = sourcecode.swift; path = AppDelegate.swift; sourceTree = "<group>"; };
		52743EDB226C2E0500DEBB4A /* MovieCollectionViewController.swift */ = {isa = PBXFileReference; lastKnownFileType = sourcecode.swift; path = MovieCollectionViewController.swift; sourceTree = "<group>"; };
		52743EDE226C2E0500DEBB4A /* Base */ = {isa = PBXFileReference; lastKnownFileType = file.storyboard; name = Base; path = Base.lproj/Main.storyboard; sourceTree = "<group>"; };
		52743EE0226C2E0700DEBB4A /* Assets.xcassets */ = {isa = PBXFileReference; lastKnownFileType = folder.assetcatalog; path = Assets.xcassets; sourceTree = "<group>"; };
		52743EE3226C2E0700DEBB4A /* Base */ = {isa = PBXFileReference; lastKnownFileType = file.storyboard; name = Base; path = Base.lproj/LaunchScreen.storyboard; sourceTree = "<group>"; };
		52743EE5226C2E0700DEBB4A /* Info.plist */ = {isa = PBXFileReference; lastKnownFileType = text.plist.xml; path = Info.plist; sourceTree = "<group>"; };
		5280FF1F226C35520092D197 /* NetworkingManager.swift */ = {isa = PBXFileReference; lastKnownFileType = sourcecode.swift; path = NetworkingManager.swift; sourceTree = "<group>"; };
		52883EE32463CBE7002C3CEB /* Webservices.swift */ = {isa = PBXFileReference; lastKnownFileType = sourcecode.swift; path = Webservices.swift; sourceTree = "<group>"; };
		528A72EE2399DFEE00510B0E /* CastCrew.swift */ = {isa = PBXFileReference; lastKnownFileType = sourcecode.swift; path = CastCrew.swift; sourceTree = "<group>"; };
		52AC09CD235987C700DEC28B /* MovieDetailViewController.swift */ = {isa = PBXFileReference; lastKnownFileType = sourcecode.swift; path = MovieDetailViewController.swift; sourceTree = "<group>"; };
		52AC09CF23598BE900DEC28B /* MovieDetailViewController.xib */ = {isa = PBXFileReference; lastKnownFileType = file.xib; path = MovieDetailViewController.xib; sourceTree = "<group>"; };
		52C6226C23A89BAA00B72B65 /* CastCrewCollectionViewCell.swift */ = {isa = PBXFileReference; lastKnownFileType = sourcecode.swift; path = CastCrewCollectionViewCell.swift; sourceTree = "<group>"; };
/* End PBXFileReference section */

/* Begin PBXFrameworksBuildPhase section */
		52743ED3226C2E0500DEBB4A /* Frameworks */ = {
			isa = PBXFrameworksBuildPhase;
			buildActionMask = 2147483647;
			files = (
			);
			runOnlyForDeploymentPostprocessing = 0;
		};
/* End PBXFrameworksBuildPhase section */

/* Begin PBXGroup section */
		5246613E23065BF00002438B /* Model */ = {
			isa = PBXGroup;
			children = (
				5246613F23065C1E0002438B /* Movie.swift */,
				528A72EE2399DFEE00510B0E /* CastCrew.swift */,
			);
			path = Model;
			sourceTree = "<group>";
		};
		52743ECD226C2E0500DEBB4A = {
			isa = PBXGroup;
			children = (
				52743ED8226C2E0500DEBB4A /* Movies */,
				52743ED7226C2E0500DEBB4A /* Products */,
			);
			sourceTree = "<group>";
		};
		52743ED7226C2E0500DEBB4A /* Products */ = {
			isa = PBXGroup;
			children = (
				52743ED6226C2E0500DEBB4A /* Movies.app */,
			);
			name = Products;
			sourceTree = "<group>";
		};
		52743ED8226C2E0500DEBB4A /* Movies */ = {
			isa = PBXGroup;
			children = (
				52743EDD226C2E0500DEBB4A /* Main.storyboard */,
				52743ED9226C2E0500DEBB4A /* AppDelegate.swift */,
				52743EDB226C2E0500DEBB4A /* MovieCollectionViewController.swift */,
				52AC09CD235987C700DEC28B /* MovieDetailViewController.swift */,
				52AC09CF23598BE900DEC28B /* MovieDetailViewController.xib */,
				5280FF1F226C35520092D197 /* NetworkingManager.swift */,
				526DB9AF247230D1009B309B /* SearchViewController.swift */,
				5246613E23065BF00002438B /* Model */,
				521A18C02272588300AC8CDF /* MovieCollectionViewCell.xib */,
				521A18BF2272588300AC8CDF /* MovieCollectionViewCell.swift */,
				5224551E237FBDF60008E1AE /* VideoCollectionViewCell.swift */,
				52883EE32463CBE7002C3CEB /* Webservices.swift */,
				52C6226C23A89BAA00B72B65 /* CastCrewCollectionViewCell.swift */,
				521A18BB2272444C00AC8CDF /* Constants.swift */,
				52743EE0226C2E0700DEBB4A /* Assets.xcassets */,
				52743EE2226C2E0700DEBB4A /* LaunchScreen.storyboard */,
				52743EE5226C2E0700DEBB4A /* Info.plist */,
			);
			path = Movies;
			sourceTree = "<group>";
		};
/* End PBXGroup section */

/* Begin PBXNativeTarget section */
		52743ED5226C2E0500DEBB4A /* Movies */ = {
			isa = PBXNativeTarget;
			buildConfigurationList = 52743EE8226C2E0700DEBB4A /* Build configuration list for PBXNativeTarget "Movies" */;
			buildPhases = (
				52743ED2226C2E0500DEBB4A /* Sources */,
				52743ED3226C2E0500DEBB4A /* Frameworks */,
				52743ED4226C2E0500DEBB4A /* Resources */,
			);
			buildRules = (
			);
			dependencies = (
			);
			name = Movies;
			productName = Movies;
			productReference = 52743ED6226C2E0500DEBB4A /* Movies.app */;
			productType = "com.apple.product-type.application";
		};
/* End PBXNativeTarget section */

/* Begin PBXProject section */
		52743ECE226C2E0500DEBB4A /* Project object */ = {
			isa = PBXProject;
			attributes = {
				LastSwiftUpdateCheck = 1010;
				LastUpgradeCheck = 1010;
				ORGANIZATIONNAME = "Kevin Yan";
				TargetAttributes = {
					52743ED5226C2E0500DEBB4A = {
						CreatedOnToolsVersion = 10.1;
					};
				};
			};
			buildConfigurationList = 52743ED1226C2E0500DEBB4A /* Build configuration list for PBXProject "Movies" */;
			compatibilityVersion = "Xcode 9.3";
			developmentRegion = en;
			hasScannedForEncodings = 0;
			knownRegions = (
				en,
				Base,
			);
			mainGroup = 52743ECD226C2E0500DEBB4A;
			productRefGroup = 52743ED7226C2E0500DEBB4A /* Products */;
			projectDirPath = "";
			projectRoot = "";
			targets = (
				52743ED5226C2E0500DEBB4A /* Movies */,
			);
		};
/* End PBXProject section */

/* Begin PBXResourcesBuildPhase section */
		52743ED4226C2E0500DEBB4A /* Resources */ = {
			isa = PBXResourcesBuildPhase;
			buildActionMask = 2147483647;
			files = (
				52AC09D023598BE900DEC28B /* MovieDetailViewController.xib in Resources */,
				52743EE4226C2E0700DEBB4A /* LaunchScreen.storyboard in Resources */,
				52743EE1226C2E0700DEBB4A /* Assets.xcassets in Resources */,
				52743EDF226C2E0500DEBB4A /* Main.storyboard in Resources */,
				521A18C22272588300AC8CDF /* MovieCollectionViewCell.xib in Resources */,
			);
			runOnlyForDeploymentPostprocessing = 0;
		};
/* End PBXResourcesBuildPhase section */

/* Begin PBXSourcesBuildPhase section */
		52743ED2226C2E0500DEBB4A /* Sources */ = {
			isa = PBXSourcesBuildPhase;
			buildActionMask = 2147483647;
			files = (
				5246614023065C1E0002438B /* Movie.swift in Sources */,
				528A72EF2399DFEE00510B0E /* CastCrew.swift in Sources */,
				52C6226E23A89BAA00B72B65 /* CastCrewCollectionViewCell.swift in Sources */,
				5280FF20226C35520092D197 /* NetworkingManager.swift in Sources */,
				52883EE42463CBE7002C3CEB /* Webservices.swift in Sources */,
				52743EDC226C2E0500DEBB4A /* MovieCollectionViewController.swift in Sources */,
				526DB9B0247230D1009B309B /* SearchViewController.swift in Sources */,
				521A18C12272588300AC8CDF /* MovieCollectionViewCell.swift in Sources */,
				52AC09CE235987C700DEC28B /* MovieDetailViewController.swift in Sources */,
				52743EDA226C2E0500DEBB4A /* AppDelegate.swift in Sources */,
				52245520237FBDF60008E1AE /* VideoCollectionViewCell.swift in Sources */,
				521A18BC2272444C00AC8CDF /* Constants.swift in Sources */,
			);
			runOnlyForDeploymentPostprocessing = 0;
		};
/* End PBXSourcesBuildPhase section */

/* Begin PBXVariantGroup section */
		52743EDD226C2E0500DEBB4A /* Main.storyboard */ = {
			isa = PBXVariantGroup;
			children = (
				52743EDE226C2E0500DEBB4A /* Base */,
			);
			name = Main.storyboard;
			sourceTree = "<group>";
		};
		52743EE2226C2E0700DEBB4A /* LaunchScreen.storyboard */ = {
			isa = PBXVariantGroup;
			children = (
				52743EE3226C2E0700DEBB4A /* Base */,
			);
			name = LaunchScreen.storyboard;
			sourceTree = "<group>";
		};
/* End PBXVariantGroup section */

/* Begin XCBuildConfiguration section */
		52743EE6226C2E0700DEBB4A /* Debug */ = {
			isa = XCBuildConfiguration;
			buildSettings = {
				ALWAYS_SEARCH_USER_PATHS = NO;
				CLANG_ANALYZER_NONNULL = YES;
				CLANG_ANALYZER_NUMBER_OBJECT_CONVERSION = YES_AGGRESSIVE;
				CLANG_CXX_LANGUAGE_STANDARD = "gnu++14";
				CLANG_CXX_LIBRARY = "libc++";
				CLANG_ENABLE_MODULES = YES;
				CLANG_ENABLE_OBJC_ARC = YES;
				CLANG_ENABLE_OBJC_WEAK = YES;
				CLANG_WARN_BLOCK_CAPTURE_AUTORELEASING = YES;
				CLANG_WARN_BOOL_CONVERSION = YES;
				CLANG_WARN_COMMA = YES;
				CLANG_WARN_CONSTANT_CONVERSION = YES;
				CLANG_WARN_DEPRECATED_OBJC_IMPLEMENTATIONS = YES;
				CLANG_WARN_DIRECT_OBJC_ISA_USAGE = YES_ERROR;
				CLANG_WARN_DOCUMENTATION_COMMENTS = YES;
				CLANG_WARN_EMPTY_BODY = YES;
				CLANG_WARN_ENUM_CONVERSION = YES;
				CLANG_WARN_INFINITE_RECURSION = YES;
				CLANG_WARN_INT_CONVERSION = YES;
				CLANG_WARN_NON_LITERAL_NULL_CONVERSION = YES;
				CLANG_WARN_OBJC_IMPLICIT_RETAIN_SELF = YES;
				CLANG_WARN_OBJC_LITERAL_CONVERSION = YES;
				CLANG_WARN_OBJC_ROOT_CLASS = YES_ERROR;
				CLANG_WARN_RANGE_LOOP_ANALYSIS = YES;
				CLANG_WARN_STRICT_PROTOTYPES = YES;
				CLANG_WARN_SUSPICIOUS_MOVE = YES;
				CLANG_WARN_UNGUARDED_AVAILABILITY = YES_AGGRESSIVE;
				CLANG_WARN_UNREACHABLE_CODE = YES;
				CLANG_WARN__DUPLICATE_METHOD_MATCH = YES;
				CODE_SIGN_IDENTITY = "iPhone Developer";
				COPY_PHASE_STRIP = NO;
				DEBUG_INFORMATION_FORMAT = dwarf;
				ENABLE_STRICT_OBJC_MSGSEND = YES;
				ENABLE_TESTABILITY = YES;
				GCC_C_LANGUAGE_STANDARD = gnu11;
				GCC_DYNAMIC_NO_PIC = NO;
				GCC_NO_COMMON_BLOCKS = YES;
				GCC_OPTIMIZATION_LEVEL = 0;
				GCC_PREPROCESSOR_DEFINITIONS = (
					"DEBUG=1",
					"$(inherited)",
				);
				GCC_WARN_64_TO_32_BIT_CONVERSION = YES;
				GCC_WARN_ABOUT_RETURN_TYPE = YES_ERROR;
				GCC_WARN_UNDECLARED_SELECTOR = YES;
				GCC_WARN_UNINITIALIZED_AUTOS = YES_AGGRESSIVE;
				GCC_WARN_UNUSED_FUNCTION = YES;
				GCC_WARN_UNUSED_VARIABLE = YES;
				IPHONEOS_DEPLOYMENT_TARGET = 10.0;
				MTL_ENABLE_DEBUG_INFO = INCLUDE_SOURCE;
				MTL_FAST_MATH = YES;
				ONLY_ACTIVE_ARCH = YES;
				SDKROOT = iphoneos;
				SWIFT_ACTIVE_COMPILATION_CONDITIONS = DEBUG;
				SWIFT_OPTIMIZATION_LEVEL = "-Onone";
			};
			name = Debug;
		};
		52743EE7226C2E0700DEBB4A /* Release */ = {
			isa = XCBuildConfiguration;
			buildSettings = {
				ALWAYS_SEARCH_USER_PATHS = NO;
				CLANG_ANALYZER_NONNULL = YES;
				CLANG_ANALYZER_NUMBER_OBJECT_CONVERSION = YES_AGGRESSIVE;
				CLANG_CXX_LANGUAGE_STANDARD = "gnu++14";
				CLANG_CXX_LIBRARY = "libc++";
				CLANG_ENABLE_MODULES = YES;
				CLANG_ENABLE_OBJC_ARC = YES;
				CLANG_ENABLE_OBJC_WEAK = YES;
				CLANG_WARN_BLOCK_CAPTURE_AUTORELEASING = YES;
				CLANG_WARN_BOOL_CONVERSION = YES;
				CLANG_WARN_COMMA = YES;
				CLANG_WARN_CONSTANT_CONVERSION = YES;
				CLANG_WARN_DEPRECATED_OBJC_IMPLEMENTATIONS = YES;
				CLANG_WARN_DIRECT_OBJC_ISA_USAGE = YES_ERROR;
				CLANG_WARN_DOCUMENTATION_COMMENTS = YES;
				CLANG_WARN_EMPTY_BODY = YES;
				CLANG_WARN_ENUM_CONVERSION = YES;
				CLANG_WARN_INFINITE_RECURSION = YES;
				CLANG_WARN_INT_CONVERSION = YES;
				CLANG_WARN_NON_LITERAL_NULL_CONVERSION = YES;
				CLANG_WARN_OBJC_IMPLICIT_RETAIN_SELF = YES;
				CLANG_WARN_OBJC_LITERAL_CONVERSION = YES;
				CLANG_WARN_OBJC_ROOT_CLASS = YES_ERROR;
				CLANG_WARN_RANGE_LOOP_ANALYSIS = YES;
				CLANG_WARN_STRICT_PROTOTYPES = YES;
				CLANG_WARN_SUSPICIOUS_MOVE = YES;
				CLANG_WARN_UNGUARDED_AVAILABILITY = YES_AGGRESSIVE;
				CLANG_WARN_UNREACHABLE_CODE = YES;
				CLANG_WARN__DUPLICATE_METHOD_MATCH = YES;
				CODE_SIGN_IDENTITY = "iPhone Developer";
				COPY_PHASE_STRIP = NO;
				DEBUG_INFORMATION_FORMAT = "dwarf-with-dsym";
				ENABLE_NS_ASSERTIONS = NO;
				ENABLE_STRICT_OBJC_MSGSEND = YES;
				GCC_C_LANGUAGE_STANDARD = gnu11;
				GCC_NO_COMMON_BLOCKS = YES;
				GCC_WARN_64_TO_32_BIT_CONVERSION = YES;
				GCC_WARN_ABOUT_RETURN_TYPE = YES_ERROR;
				GCC_WARN_UNDECLARED_SELECTOR = YES;
				GCC_WARN_UNINITIALIZED_AUTOS = YES_AGGRESSIVE;
				GCC_WARN_UNUSED_FUNCTION = YES;
				GCC_WARN_UNUSED_VARIABLE = YES;
				IPHONEOS_DEPLOYMENT_TARGET = 10.0;
				MTL_ENABLE_DEBUG_INFO = NO;
				MTL_FAST_MATH = YES;
				SDKROOT = iphoneos;
				SWIFT_COMPILATION_MODE = wholemodule;
				SWIFT_OPTIMIZATION_LEVEL = "-O";
				VALIDATE_PRODUCT = YES;
			};
			name = Release;
		};
		52743EE9226C2E0700DEBB4A /* Debug */ = {
			isa = XCBuildConfiguration;
			buildSettings = {
				ASSETCATALOG_COMPILER_APPICON_NAME = AppIcon;
				CODE_SIGN_STYLE = Automatic;
				DEVELOPMENT_TEAM = GYX9ZA9RA8;
				INFOPLIST_FILE = Movies/Info.plist;
				IPHONEOS_DEPLOYMENT_TARGET = 11.0;
				LD_RUNPATH_SEARCH_PATHS = (
					"$(inherited)",
					"@executable_path/Frameworks",
				);
				PRODUCT_BUNDLE_IDENTIFIER = Kevin.Y.Movies;
				PRODUCT_NAME = "$(TARGET_NAME)";
				SWIFT_VERSION = 5.0;
				TARGETED_DEVICE_FAMILY = "1,2";
			};
			name = Debug;
		};
		52743EEA226C2E0700DEBB4A /* Release */ = {
			isa = XCBuildConfiguration;
			buildSettings = {
				ASSETCATALOG_COMPILER_APPICON_NAME = AppIcon;
				CODE_SIGN_STYLE = Automatic;
				DEVELOPMENT_TEAM = GYX9ZA9RA8;
				INFOPLIST_FILE = Movies/Info.plist;
				IPHONEOS_DEPLOYMENT_TARGET = 11.0;
				LD_RUNPATH_SEARCH_PATHS = (
					"$(inherited)",
					"@executable_path/Frameworks",
				);
				PRODUCT_BUNDLE_IDENTIFIER = Kevin.Y.Movies;
				PRODUCT_NAME = "$(TARGET_NAME)";
				SWIFT_VERSION = 5.0;
				TARGETED_DEVICE_FAMILY = "1,2";
			};
			name = Release;
		};
/* End XCBuildConfiguration section */

/* Begin XCConfigurationList section */
		52743ED1226C2E0500DEBB4A /* Build configuration list for PBXProject "Movies" */ = {
			isa = XCConfigurationList;
			buildConfigurations = (
				52743EE6226C2E0700DEBB4A /* Debug */,
				52743EE7226C2E0700DEBB4A /* Release */,
			);
			defaultConfigurationIsVisible = 0;
			defaultConfigurationName = Release;
		};
		52743EE8226C2E0700DEBB4A /* Build configuration list for PBXNativeTarget "Movies" */ = {
			isa = XCConfigurationList;
			buildConfigurations = (
				52743EE9226C2E0700DEBB4A /* Debug */,
				52743EEA226C2E0700DEBB4A /* Release */,
			);
			defaultConfigurationIsVisible = 0;
			defaultConfigurationName = Release;
		};
/* End XCConfigurationList section */
	};
	rootObject = 52743ECE226C2E0500DEBB4A /* Project object */;
}
